// !$*UTF8*$!
{
	archiveVersion = 1;
	classes = {
	};
	objectVersion = 46;
	objects = {

/* Begin PBXBuildFile section */
		BB7DC8E91F78094F00E3B5A4 /* AppDelegate.swift in Sources */ = {isa = PBXBuildFile; fileRef = BB7DC8E81F78094F00E3B5A4 /* AppDelegate.swift */; };
		BB7DC8EE1F78094F00E3B5A4 /* Main.storyboard in Resources */ = {isa = PBXBuildFile; fileRef = BB7DC8EC1F78094F00E3B5A4 /* Main.storyboard */; };
		BB7DC8F01F78094F00E3B5A4 /* Assets.xcassets in Resources */ = {isa = PBXBuildFile; fileRef = BB7DC8EF1F78094F00E3B5A4 /* Assets.xcassets */; };
		BB7DC8F31F78094F00E3B5A4 /* LaunchScreen.storyboard in Resources */ = {isa = PBXBuildFile; fileRef = BB7DC8F11F78094F00E3B5A4 /* LaunchScreen.storyboard */; };
		BB7DC8FE1F78094F00E3B5A4 /* HomepwnerTests.swift in Sources */ = {isa = PBXBuildFile; fileRef = BB7DC8FD1F78094F00E3B5A4 /* HomepwnerTests.swift */; };
		BB7DC9091F78094F00E3B5A4 /* HomepwnerUITests.swift in Sources */ = {isa = PBXBuildFile; fileRef = BB7DC9081F78094F00E3B5A4 /* HomepwnerUITests.swift */; };
		BB7DC9171F780A2700E3B5A4 /* ItemsViewController.swift in Sources */ = {isa = PBXBuildFile; fileRef = BB7DC9161F780A2700E3B5A4 /* ItemsViewController.swift */; };
		BB7DC9191F780BD900E3B5A4 /* Item.swift in Sources */ = {isa = PBXBuildFile; fileRef = BB7DC9181F780BD900E3B5A4 /* Item.swift */; };
		BB7DC91B1F7810A500E3B5A4 /* ItemStore.swift in Sources */ = {isa = PBXBuildFile; fileRef = BB7DC91A1F7810A500E3B5A4 /* ItemStore.swift */; };
/* End PBXBuildFile section */

/* Begin PBXContainerItemProxy section */
		BB7DC8FA1F78094F00E3B5A4 /* PBXContainerItemProxy */ = {
			isa = PBXContainerItemProxy;
			containerPortal = BB7DC8DD1F78094E00E3B5A4 /* Project object */;
			proxyType = 1;
			remoteGlobalIDString = BB7DC8E41F78094E00E3B5A4;
			remoteInfo = Homepwner;
		};
		BB7DC9051F78094F00E3B5A4 /* PBXContainerItemProxy */ = {
			isa = PBXContainerItemProxy;
			containerPortal = BB7DC8DD1F78094E00E3B5A4 /* Project object */;
			proxyType = 1;
			remoteGlobalIDString = BB7DC8E41F78094E00E3B5A4;
			remoteInfo = Homepwner;
		};
/* End PBXContainerItemProxy section */

/* Begin PBXFileReference section */
		BB7DC8E51F78094E00E3B5A4 /* Homepwner.app */ = {isa = PBXFileReference; explicitFileType = wrapper.application; includeInIndex = 0; path = Homepwner.app; sourceTree = BUILT_PRODUCTS_DIR; };
		BB7DC8E81F78094F00E3B5A4 /* AppDelegate.swift */ = {isa = PBXFileReference; lastKnownFileType = sourcecode.swift; path = AppDelegate.swift; sourceTree = "<group>"; };
		BB7DC8ED1F78094F00E3B5A4 /* Base */ = {isa = PBXFileReference; lastKnownFileType = file.storyboard; name = Base; path = Base.lproj/Main.storyboard; sourceTree = "<group>"; };
		BB7DC8EF1F78094F00E3B5A4 /* Assets.xcassets */ = {isa = PBXFileReference; lastKnownFileType = folder.assetcatalog; path = Assets.xcassets; sourceTree = "<group>"; };
		BB7DC8F21F78094F00E3B5A4 /* Base */ = {isa = PBXFileReference; lastKnownFileType = file.storyboard; name = Base; path = Base.lproj/LaunchScreen.storyboard; sourceTree = "<group>"; };
		BB7DC8F41F78094F00E3B5A4 /* Info.plist */ = {isa = PBXFileReference; lastKnownFileType = text.plist.xml; path = Info.plist; sourceTree = "<group>"; };
		BB7DC8F91F78094F00E3B5A4 /* HomepwnerTests.xctest */ = {isa = PBXFileReference; explicitFileType = wrapper.cfbundle; includeInIndex = 0; path = HomepwnerTests.xctest; sourceTree = BUILT_PRODUCTS_DIR; };
		BB7DC8FD1F78094F00E3B5A4 /* HomepwnerTests.swift */ = {isa = PBXFileReference; lastKnownFileType = sourcecode.swift; path = HomepwnerTests.swift; sourceTree = "<group>"; };
		BB7DC8FF1F78094F00E3B5A4 /* Info.plist */ = {isa = PBXFileReference; lastKnownFileType = text.plist.xml; path = Info.plist; sourceTree = "<group>"; };
		BB7DC9041F78094F00E3B5A4 /* HomepwnerUITests.xctest */ = {isa = PBXFileReference; explicitFileType = wrapper.cfbundle; includeInIndex = 0; path = HomepwnerUITests.xctest; sourceTree = BUILT_PRODUCTS_DIR; };
		BB7DC9081F78094F00E3B5A4 /* HomepwnerUITests.swift */ = {isa = PBXFileReference; lastKnownFileType = sourcecode.swift; path = HomepwnerUITests.swift; sourceTree = "<group>"; };
		BB7DC90A1F78094F00E3B5A4 /* Info.plist */ = {isa = PBXFileReference; lastKnownFileType = text.plist.xml; path = Info.plist; sourceTree = "<group>"; };
		BB7DC9161F780A2700E3B5A4 /* ItemsViewController.swift */ = {isa = PBXFileReference; fileEncoding = 4; lastKnownFileType = sourcecode.swift; name = ItemsViewController.swift; path = ../ItemsViewController.swift; sourceTree = "<group>"; };
		BB7DC9181F780BD900E3B5A4 /* Item.swift */ = {isa = PBXFileReference; fileEncoding = 4; lastKnownFileType = sourcecode.swift; name = Item.swift; path = ../Item.swift; sourceTree = "<group>"; };
		BB7DC91A1F7810A500E3B5A4 /* ItemStore.swift */ = {isa = PBXFileReference; fileEncoding = 4; lastKnownFileType = sourcecode.swift; name = ItemStore.swift; path = ../ItemStore.swift; sourceTree = "<group>"; };
/* End PBXFileReference section */

/* Begin PBXFrameworksBuildPhase section */
		BB7DC8E21F78094E00E3B5A4 /* Frameworks */ = {
			isa = PBXFrameworksBuildPhase;
			buildActionMask = 2147483647;
			files = (
			);
			runOnlyForDeploymentPostprocessing = 0;
		};
		BB7DC8F61F78094F00E3B5A4 /* Frameworks */ = {
			isa = PBXFrameworksBuildPhase;
			buildActionMask = 2147483647;
			files = (
			);
			runOnlyForDeploymentPostprocessing = 0;
		};
		BB7DC9011F78094F00E3B5A4 /* Frameworks */ = {
			isa = PBXFrameworksBuildPhase;
			buildActionMask = 2147483647;
			files = (
			);
			runOnlyForDeploymentPostprocessing = 0;
		};
/* End PBXFrameworksBuildPhase section */

/* Begin PBXGroup section */
		BB7DC8DC1F78094E00E3B5A4 = {
			isa = PBXGroup;
			children = (
				BB7DC8E71F78094E00E3B5A4 /* Homepwner */,
				BB7DC8FC1F78094F00E3B5A4 /* HomepwnerTests */,
				BB7DC9071F78094F00E3B5A4 /* HomepwnerUITests */,
				BB7DC8E61F78094E00E3B5A4 /* Products */,
			);
			sourceTree = "<group>";
		};
		BB7DC8E61F78094E00E3B5A4 /* Products */ = {
			isa = PBXGroup;
			children = (
				BB7DC8E51F78094E00E3B5A4 /* Homepwner.app */,
				BB7DC8F91F78094F00E3B5A4 /* HomepwnerTests.xctest */,
				BB7DC9041F78094F00E3B5A4 /* HomepwnerUITests.xctest */,
			);
			name = Products;
			sourceTree = "<group>";
		};
		BB7DC8E71F78094E00E3B5A4 /* Homepwner */ = {
			isa = PBXGroup;
			children = (
				BB7DC8E81F78094F00E3B5A4 /* AppDelegate.swift */,
				BB7DC8EC1F78094F00E3B5A4 /* Main.storyboard */,
				BB7DC8EF1F78094F00E3B5A4 /* Assets.xcassets */,
				BB7DC9161F780A2700E3B5A4 /* ItemsViewController.swift */,
				BB7DC9181F780BD900E3B5A4 /* Item.swift */,
				BB7DC91A1F7810A500E3B5A4 /* ItemStore.swift */,
				BB7DC8F11F78094F00E3B5A4 /* LaunchScreen.storyboard */,
				BB7DC8F41F78094F00E3B5A4 /* Info.plist */,
			);
			path = Homepwner;
			sourceTree = "<group>";
		};
		BB7DC8FC1F78094F00E3B5A4 /* HomepwnerTests */ = {
			isa = PBXGroup;
			children = (
				BB7DC8FD1F78094F00E3B5A4 /* HomepwnerTests.swift */,
				BB7DC8FF1F78094F00E3B5A4 /* Info.plist */,
			);
			path = HomepwnerTests;
			sourceTree = "<group>";
		};
		BB7DC9071F78094F00E3B5A4 /* HomepwnerUITests */ = {
			isa = PBXGroup;
			children = (
				BB7DC9081F78094F00E3B5A4 /* HomepwnerUITests.swift */,
				BB7DC90A1F78094F00E3B5A4 /* Info.plist */,
			);
			path = HomepwnerUITests;
			sourceTree = "<group>";
		};
/* End PBXGroup section */

/* Begin PBXNativeTarget section */
		BB7DC8E41F78094E00E3B5A4 /* Homepwner */ = {
			isa = PBXNativeTarget;
			buildConfigurationList = BB7DC90D1F78094F00E3B5A4 /* Build configuration list for PBXNativeTarget "Homepwner" */;
			buildPhases = (
				BB7DC8E11F78094E00E3B5A4 /* Sources */,
				BB7DC8E21F78094E00E3B5A4 /* Frameworks */,
				BB7DC8E31F78094E00E3B5A4 /* Resources */,
			);
			buildRules = (
			);
			dependencies = (
			);
			name = Homepwner;
			productName = Homepwner;
			productReference = BB7DC8E51F78094E00E3B5A4 /* Homepwner.app */;
			productType = "com.apple.product-type.application";
		};
		BB7DC8F81F78094F00E3B5A4 /* HomepwnerTests */ = {
			isa = PBXNativeTarget;
			buildConfigurationList = BB7DC9101F78094F00E3B5A4 /* Build configuration list for PBXNativeTarget "HomepwnerTests" */;
			buildPhases = (
				BB7DC8F51F78094F00E3B5A4 /* Sources */,
				BB7DC8F61F78094F00E3B5A4 /* Frameworks */,
				BB7DC8F71F78094F00E3B5A4 /* Resources */,
			);
			buildRules = (
			);
			dependencies = (
				BB7DC8FB1F78094F00E3B5A4 /* PBXTargetDependency */,
			);
			name = HomepwnerTests;
			productName = HomepwnerTests;
			productReference = BB7DC8F91F78094F00E3B5A4 /* HomepwnerTests.xctest */;
			productType = "com.apple.product-type.bundle.unit-test";
		};
		BB7DC9031F78094F00E3B5A4 /* HomepwnerUITests */ = {
			isa = PBXNativeTarget;
			buildConfigurationList = BB7DC9131F78094F00E3B5A4 /* Build configuration list for PBXNativeTarget "HomepwnerUITests" */;
			buildPhases = (
				BB7DC9001F78094F00E3B5A4 /* Sources */,
				BB7DC9011F78094F00E3B5A4 /* Frameworks */,
				BB7DC9021F78094F00E3B5A4 /* Resources */,
			);
			buildRules = (
			);
			dependencies = (
				BB7DC9061F78094F00E3B5A4 /* PBXTargetDependency */,
			);
			name = HomepwnerUITests;
			productName = HomepwnerUITests;
			productReference = BB7DC9041F78094F00E3B5A4 /* HomepwnerUITests.xctest */;
			productType = "com.apple.product-type.bundle.ui-testing";
		};
/* End PBXNativeTarget section */

/* Begin PBXProject section */
		BB7DC8DD1F78094E00E3B5A4 /* Project object */ = {
			isa = PBXProject;
			attributes = {
				LastSwiftUpdateCheck = 0830;
				LastUpgradeCheck = 0900;
				ORGANIZATIONNAME = "Mark Engen";
				TargetAttributes = {
					BB7DC8E41F78094E00E3B5A4 = {
						CreatedOnToolsVersion = 8.3.3;
						DevelopmentTeam = DF4V8VKZ8E;
						LastSwiftMigration = 0900;
						ProvisioningStyle = Automatic;
					};
					BB7DC8F81F78094F00E3B5A4 = {
						CreatedOnToolsVersion = 8.3.3;
						DevelopmentTeam = DF4V8VKZ8E;
						LastSwiftMigration = 0900;
						ProvisioningStyle = Automatic;
						TestTargetID = BB7DC8E41F78094E00E3B5A4;
					};
					BB7DC9031F78094F00E3B5A4 = {
						CreatedOnToolsVersion = 8.3.3;
						DevelopmentTeam = DF4V8VKZ8E;
						LastSwiftMigration = 0900;
						ProvisioningStyle = Automatic;
						TestTargetID = BB7DC8E41F78094E00E3B5A4;
					};
				};
			};
			buildConfigurationList = BB7DC8E01F78094E00E3B5A4 /* Build configuration list for PBXProject "Homepwner" */;
			compatibilityVersion = "Xcode 3.2";
			developmentRegion = English;
			hasScannedForEncodings = 0;
			knownRegions = (
				en,
				Base,
			);
			mainGroup = BB7DC8DC1F78094E00E3B5A4;
			productRefGroup = BB7DC8E61F78094E00E3B5A4 /* Products */;
			projectDirPath = "";
			projectRoot = "";
			targets = (
				BB7DC8E41F78094E00E3B5A4 /* Homepwner */,
				BB7DC8F81F78094F00E3B5A4 /* HomepwnerTests */,
				BB7DC9031F78094F00E3B5A4 /* HomepwnerUITests */,
			);
		};
/* End PBXProject section */

/* Begin PBXResourcesBuildPhase section */
		BB7DC8E31F78094E00E3B5A4 /* Resources */ = {
			isa = PBXResourcesBuildPhase;
			buildActionMask = 2147483647;
			files = (
				BB7DC8F31F78094F00E3B5A4 /* LaunchScreen.storyboard in Resources */,
				BB7DC8F01F78094F00E3B5A4 /* Assets.xcassets in Resources */,
				BB7DC8EE1F78094F00E3B5A4 /* Main.storyboard in Resources */,
			);
			runOnlyForDeploymentPostprocessing = 0;
		};
		BB7DC8F71F78094F00E3B5A4 /* Resources */ = {
			isa = PBXResourcesBuildPhase;
			buildActionMask = 2147483647;
			files = (
			);
			runOnlyForDeploymentPostprocessing = 0;
		};
		BB7DC9021F78094F00E3B5A4 /* Resources */ = {
			isa = PBXResourcesBuildPhase;
			buildActionMask = 2147483647;
			files = (
			);
			runOnlyForDeploymentPostprocessing = 0;
		};
/* End PBXResourcesBuildPhase section */

/* Begin PBXSourcesBuildPhase section */
		BB7DC8E11F78094E00E3B5A4 /* Sources */ = {
			isa = PBXSourcesBuildPhase;
			buildActionMask = 2147483647;
			files = (
				BB7DC9171F780A2700E3B5A4 /* ItemsViewController.swift in Sources */,
				BB7DC9191F780BD900E3B5A4 /* Item.swift in Sources */,
				BB7DC91B1F7810A500E3B5A4 /* ItemStore.swift in Sources */,
				BB7DC8E91F78094F00E3B5A4 /* AppDelegate.swift in Sources */,
			);
			runOnlyForDeploymentPostprocessing = 0;
		};
		BB7DC8F51F78094F00E3B5A4 /* Sources */ = {
			isa = PBXSourcesBuildPhase;
			buildActionMask = 2147483647;
			files = (
				BB7DC8FE1F78094F00E3B5A4 /* HomepwnerTests.swift in Sources */,
			);
			runOnlyForDeploymentPostprocessing = 0;
		};
		BB7DC9001F78094F00E3B5A4 /* Sources */ = {
			isa = PBXSourcesBuildPhase;
			buildActionMask = 2147483647;
			files = (
				BB7DC9091F78094F00E3B5A4 /* HomepwnerUITests.swift in Sources */,
			);
			runOnlyForDeploymentPostprocessing = 0;
		};
/* End PBXSourcesBuildPhase section */

/* Begin PBXTargetDependency section */
		BB7DC8FB1F78094F00E3B5A4 /* PBXTargetDependency */ = {
			isa = PBXTargetDependency;
			target = BB7DC8E41F78094E00E3B5A4 /* Homepwner */;
			targetProxy = BB7DC8FA1F78094F00E3B5A4 /* PBXContainerItemProxy */;
		};
		BB7DC9061F78094F00E3B5A4 /* PBXTargetDependency */ = {
			isa = PBXTargetDependency;
			target = BB7DC8E41F78094E00E3B5A4 /* Homepwner */;
			targetProxy = BB7DC9051F78094F00E3B5A4 /* PBXContainerItemProxy */;
		};
/* End PBXTargetDependency section */

/* Begin PBXVariantGroup section */
		BB7DC8EC1F78094F00E3B5A4 /* Main.storyboard */ = {
			isa = PBXVariantGroup;
			children = (
				BB7DC8ED1F78094F00E3B5A4 /* Base */,
			);
			name = Main.storyboard;
			sourceTree = "<group>";
		};
		BB7DC8F11F78094F00E3B5A4 /* LaunchScreen.storyboard */ = {
			isa = PBXVariantGroup;
			children = (
				BB7DC8F21F78094F00E3B5A4 /* Base */,
			);
			name = LaunchScreen.storyboard;
			sourceTree = "<group>";
		};
/* End PBXVariantGroup section */

/* Begin XCBuildConfiguration section */
		BB7DC90B1F78094F00E3B5A4 /* Debug */ = {
			isa = XCBuildConfiguration;
			buildSettings = {
				ALWAYS_SEARCH_USER_PATHS = NO;
				CLANG_ANALYZER_NONNULL = YES;
				CLANG_ANALYZER_NUMBER_OBJECT_CONVERSION = YES_AGGRESSIVE;
				CLANG_CXX_LANGUAGE_STANDARD = "gnu++0x";
				CLANG_CXX_LIBRARY = "libc++";
				CLANG_ENABLE_MODULES = YES;
				CLANG_ENABLE_OBJC_ARC = YES;
				CLANG_WARN_BLOCK_CAPTURE_AUTORELEASING = YES;
				CLANG_WARN_BOOL_CONVERSION = YES;
				CLANG_WARN_COMMA = YES;
				CLANG_WARN_CONSTANT_CONVERSION = YES;
				CLANG_WARN_DIRECT_OBJC_ISA_USAGE = YES_ERROR;
				CLANG_WARN_DOCUMENTATION_COMMENTS = YES;
				CLANG_WARN_EMPTY_BODY = YES;
				CLANG_WARN_ENUM_CONVERSION = YES;
				CLANG_WARN_INFINITE_RECURSION = YES;
				CLANG_WARN_INT_CONVERSION = YES;
				CLANG_WARN_NON_LITERAL_NULL_CONVERSION = YES;
				CLANG_WARN_OBJC_LITERAL_CONVERSION = YES;
				CLANG_WARN_OBJC_ROOT_CLASS = YES_ERROR;
				CLANG_WARN_RANGE_LOOP_ANALYSIS = YES;
				CLANG_WARN_STRICT_PROTOTYPES = YES;
				CLANG_WARN_SUSPICIOUS_MOVE = YES;
				CLANG_WARN_UNREACHABLE_CODE = YES;
				CLANG_WARN__DUPLICATE_METHOD_MATCH = YES;
				"CODE_SIGN_IDENTITY[sdk=iphoneos*]" = "iPhone Developer";
				COPY_PHASE_STRIP = NO;
				DEBUG_INFORMATION_FORMAT = dwarf;
				ENABLE_STRICT_OBJC_MSGSEND = YES;
				ENABLE_TESTABILITY = YES;
				GCC_C_LANGUAGE_STANDARD = gnu99;
				GCC_DYNAMIC_NO_PIC = NO;
				GCC_NO_COMMON_BLOCKS = YES;
				GCC_OPTIMIZATION_LEVEL = 0;
				GCC_PREPROCESSOR_DEFINITIONS = (
					"DEBUG=1",
					"$(inherited)",
				);
				GCC_WARN_64_TO_32_BIT_CONVERSION = YES;
				GCC_WARN_ABOUT_RETURN_TYPE = YES_ERROR;
				GCC_WARN_UNDECLARED_SELECTOR = YES;
				GCC_WARN_UNINITIALIZED_AUTOS = YES_AGGRESSIVE;
				GCC_WARN_UNUSED_FUNCTION = YES;
				GCC_WARN_UNUSED_VARIABLE = YES;
				IPHONEOS_DEPLOYMENT_TARGET = 10.3;
				MTL_ENABLE_DEBUG_INFO = YES;
				ONLY_ACTIVE_ARCH = YES;
				SDKROOT = iphoneos;
				SWIFT_ACTIVE_COMPILATION_CONDITIONS = DEBUG;
				SWIFT_OPTIMIZATION_LEVEL = "-Onone";
				TARGETED_DEVICE_FAMILY = "1,2";
			};
			name = Debug;
		};
		BB7DC90C1F78094F00E3B5A4 /* Release */ = {
			isa = XCBuildConfiguration;
			buildSettings = {
				ALWAYS_SEARCH_USER_PATHS = NO;
				CLANG_ANALYZER_NONNULL = YES;
				CLANG_ANALYZER_NUMBER_OBJECT_CONVERSION = YES_AGGRESSIVE;
				CLANG_CXX_LANGUAGE_STANDARD = "gnu++0x";
				CLANG_CXX_LIBRARY = "libc++";
				CLANG_ENABLE_MODULES = YES;
				CLANG_ENABLE_OBJC_ARC = YES;
				CLANG_WARN_BLOCK_CAPTURE_AUTORELEASING = YES;
				CLANG_WARN_BOOL_CONVERSION = YES;
				CLANG_WARN_COMMA = YES;
				CLANG_WARN_CONSTANT_CONVERSION = YES;
				CLANG_WARN_DIRECT_OBJC_ISA_USAGE = YES_ERROR;
				CLANG_WARN_DOCUMENTATION_COMMENTS = YES;
				CLANG_WARN_EMPTY_BODY = YES;
				CLANG_WARN_ENUM_CONVERSION = YES;
				CLANG_WARN_INFINITE_RECURSION = YES;
				CLANG_WARN_INT_CONVERSION = YES;
				CLANG_WARN_NON_LITERAL_NULL_CONVERSION = YES;
				CLANG_WARN_OBJC_LITERAL_CONVERSION = YES;
				CLANG_WARN_OBJC_ROOT_CLASS = YES_ERROR;
				CLANG_WARN_RANGE_LOOP_ANALYSIS = YES;
				CLANG_WARN_STRICT_PROTOTYPES = YES;
				CLANG_WARN_SUSPICIOUS_MOVE = YES;
				CLANG_WARN_UNREACHABLE_CODE = YES;
				CLANG_WARN__DUPLICATE_METHOD_MATCH = YES;
				"CODE_SIGN_IDENTITY[sdk=iphoneos*]" = "iPhone Developer";
				COPY_PHASE_STRIP = NO;
				DEBUG_INFORMATION_FORMAT = "dwarf-with-dsym";
				ENABLE_NS_ASSERTIONS = NO;
				ENABLE_STRICT_OBJC_MSGSEND = YES;
				GCC_C_LANGUAGE_STANDARD = gnu99;
				GCC_NO_COMMON_BLOCKS = YES;
				GCC_WARN_64_TO_32_BIT_CONVERSION = YES;
				GCC_WARN_ABOUT_RETURN_TYPE = YES_ERROR;
				GCC_WARN_UNDECLARED_SELECTOR = YES;
				GCC_WARN_UNINITIALIZED_AUTOS = YES_AGGRESSIVE;
				GCC_WARN_UNUSED_FUNCTION = YES;
				GCC_WARN_UNUSED_VARIABLE = YES;
				IPHONEOS_DEPLOYMENT_TARGET = 10.3;
				MTL_ENABLE_DEBUG_INFO = NO;
				SDKROOT = iphoneos;
				SWIFT_OPTIMIZATION_LEVEL = "-Owholemodule";
				TARGETED_DEVICE_FAMILY = "1,2";
				VALIDATE_PRODUCT = YES;
			};
			name = Release;
		};
		BB7DC90E1F78094F00E3B5A4 /* Debug */ = {
			isa = XCBuildConfiguration;
			buildSettings = {
				ASSETCATALOG_COMPILER_APPICON_NAME = AppIcon;
				DEVELOPMENT_TEAM = DF4V8VKZ8E;
				INFOPLIST_FILE = Homepwner/Info.plist;
				LD_RUNPATH_SEARCH_PATHS = "$(inherited) @executable_path/Frameworks";
				PRODUCT_BUNDLE_IDENTIFIER = com.markengen.mengen.Homepwner;
				PRODUCT_NAME = "$(TARGET_NAME)";
				SWIFT_SWIFT3_OBJC_INFERENCE = On;
				SWIFT_VERSION = 4.0;
			};
			name = Debug;
		};
		BB7DC90F1F78094F00E3B5A4 /* Release */ = {
			isa = XCBuildConfiguration;
			buildSettings = {
				ASSETCATALOG_COMPILER_APPICON_NAME = AppIcon;
				DEVELOPMENT_TEAM = DF4V8VKZ8E;
				INFOPLIST_FILE = Homepwner/Info.plist;
				LD_RUNPATH_SEARCH_PATHS = "$(inherited) @executable_path/Frameworks";
				PRODUCT_BUNDLE_IDENTIFIER = com.markengen.mengen.Homepwner;
				PRODUCT_NAME = "$(TARGET_NAME)";
				SWIFT_SWIFT3_OBJC_INFERENCE = On;
				SWIFT_VERSION = 4.0;
			};
			name = Release;
		};
		BB7DC9111F78094F00E3B5A4 /* Debug */ = {
			isa = XCBuildConfiguration;
			buildSettings = {
				ALWAYS_EMBED_SWIFT_STANDARD_LIBRARIES = YES;
				BUNDLE_LOADER = "$(TEST_HOST)";
				DEVELOPMENT_TEAM = DF4V8VKZ8E;
				INFOPLIST_FILE = HomepwnerTests/Info.plist;
				LD_RUNPATH_SEARCH_PATHS = "$(inherited) @executable_path/Frameworks @loader_path/Frameworks";
				PRODUCT_BUNDLE_IDENTIFIER = com.markengen.mengen.HomepwnerTests;
				PRODUCT_NAME = "$(TARGET_NAME)";
				SWIFT_SWIFT3_OBJC_INFERENCE = On;
				SWIFT_VERSION = 4.0;
				TEST_HOST = "$(BUILT_PRODUCTS_DIR)/Homepwner.app/Homepwner";
			};
			name = Debug;
		};
		BB7DC9121F78094F00E3B5A4 /* Release */ = {
			isa = XCBuildConfiguration;
			buildSettings = {
				ALWAYS_EMBED_SWIFT_STANDARD_LIBRARIES = YES;
				BUNDLE_LOADER = "$(TEST_HOST)";
				DEVELOPMENT_TEAM = DF4V8VKZ8E;
				INFOPLIST_FILE = HomepwnerTests/Info.plist;
				LD_RUNPATH_SEARCH_PATHS = "$(inherited) @executable_path/Frameworks @loader_path/Frameworks";
				PRODUCT_BUNDLE_IDENTIFIER = com.markengen.mengen.HomepwnerTests;
				PRODUCT_NAME = "$(TARGET_NAME)";
				SWIFT_SWIFT3_OBJC_INFERENCE = On;
				SWIFT_VERSION = 4.0;
				TEST_HOST = "$(BUILT_PRODUCTS_DIR)/Homepwner.app/Homepwner";
			};
			name = Release;
		};
		BB7DC9141F78094F00E3B5A4 /* Debug */ = {
			isa = XCBuildConfiguration;
			buildSettings = {
				ALWAYS_EMBED_SWIFT_STANDARD_LIBRARIES = YES;
				DEVELOPMENT_TEAM = DF4V8VKZ8E;
				INFOPLIST_FILE = HomepwnerUITests/Info.plist;
				LD_RUNPATH_SEARCH_PATHS = "$(inherited) @executable_path/Frameworks @loader_path/Frameworks";
				PRODUCT_BUNDLE_IDENTIFIER = com.markengen.mengen.HomepwnerUITests;
				PRODUCT_NAME = "$(TARGET_NAME)";
				SWIFT_SWIFT3_OBJC_INFERENCE = On;
				SWIFT_VERSION = 4.0;
				TEST_TARGET_NAME = Homepwner;
			};
			name = Debug;
		};
		BB7DC9151F78094F00E3B5A4 /* Release */ = {
			isa = XCBuildConfiguration;
			buildSettings = {
				ALWAYS_EMBED_SWIFT_STANDARD_LIBRARIES = YES;
				DEVELOPMENT_TEAM = DF4V8VKZ8E;
				INFOPLIST_FILE = HomepwnerUITests/Info.plist;
				LD_RUNPATH_SEARCH_PATHS = "$(inherited) @executable_path/Frameworks @loader_path/Frameworks";
				PRODUCT_BUNDLE_IDENTIFIER = com.markengen.mengen.HomepwnerUITests;
				PRODUCT_NAME = "$(TARGET_NAME)";
				SWIFT_SWIFT3_OBJC_INFERENCE = On;
				SWIFT_VERSION = 4.0;
				TEST_TARGET_NAME = Homepwner;
			};
			name = Release;
		};
/* End XCBuildConfiguration section */

/* Begin XCConfigurationList section */
		BB7DC8E01F78094E00E3B5A4 /* Build configuration list for PBXProject "Homepwner" */ = {
			isa = XCConfigurationList;
			buildConfigurations = (
				BB7DC90B1F78094F00E3B5A4 /* Debug */,
				BB7DC90C1F78094F00E3B5A4 /* Release */,
			);
			defaultConfigurationIsVisible = 0;
			defaultConfigurationName = Release;
		};
		BB7DC90D1F78094F00E3B5A4 /* Build configuration list for PBXNativeTarget "Homepwner" */ = {
			isa = XCConfigurationList;
			buildConfigurations = (
				BB7DC90E1F78094F00E3B5A4 /* Debug */,
				BB7DC90F1F78094F00E3B5A4 /* Release */,
			);
			defaultConfigurationIsVisible = 0;
			defaultConfigurationName = Release;
		};
		BB7DC9101F78094F00E3B5A4 /* Build configuration list for PBXNativeTarget "HomepwnerTests" */ = {
			isa = XCConfigurationList;
			buildConfigurations = (
				BB7DC9111F78094F00E3B5A4 /* Debug */,
				BB7DC9121F78094F00E3B5A4 /* Release */,
			);
			defaultConfigurationIsVisible = 0;
			defaultConfigurationName = Release;
		};
		BB7DC9131F78094F00E3B5A4 /* Build configuration list for PBXNativeTarget "HomepwnerUITests" */ = {
			isa = XCConfigurationList;
			buildConfigurations = (
				BB7DC9141F78094F00E3B5A4 /* Debug */,
				BB7DC9151F78094F00E3B5A4 /* Release */,
			);
			defaultConfigurationIsVisible = 0;
			defaultConfigurationName = Release;
		};
/* End XCConfigurationList section */
	};
	rootObject = BB7DC8DD1F78094E00E3B5A4 /* Project object */;
}
